
Microsoft Visual Studio Solution File, Format Version 12.00
# Visual Studio 15
VisualStudioVersion = 15.0.28307.1231
MinimumVisualStudioVersion = 10.0.40219.1
Project("{FAE04EC0-301F-11D3-BF4B-00C04F79EFBC}") = "shaji_emailSystem", "shaji_emailSystem\shaji_emailSystem.csproj", "{A048D4B9-91D8-4CD9-8DB3-9823C0D92624}"
EndProject
Project("{FAE04EC0-301F-11D3-BF4B-00C04F79EFBC}") = "emailLibrary", "emailLibrary\emailLibrary.csproj", "{DBF0FBB7-443E-4C0B-83A8-B08DBE0F1FE1}"
EndProject
Global
	GlobalSection(SolutionConfigurationPlatforms) = preSolution
		Debug|Any CPU = Debug|Any CPU
		Release|Any CPU = Release|Any CPU
	EndGlobalSection
	GlobalSection(ProjectConfigurationPlatforms) = postSolution
		{A048D4B9-91D8-4CD9-8DB3-9823C0D92624}.Debug|Any CPU.ActiveCfg = Debug|Any CPU
		{A048D4B9-91D8-4CD9-8DB3-9823C0D92624}.Debug|Any CPU.Build.0 = Debug|Any CPU
		{A048D4B9-91D8-4CD9-8DB3-9823C0D92624}.Release|Any CPU.ActiveCfg = Release|Any CPU
		{A048D4B9-91D8-4CD9-8DB3-9823C0D92624}.Release|Any CPU.Build.0 = Release|Any CPU
		{DBF0FBB7-443E-4C0B-83A8-B08DBE0F1FE1}.Debug|Any CPU.ActiveCfg = Debug|Any CPU
		{DBF0FBB7-443E-4C0B-83A8-B08DBE0F1FE1}.Debug|Any CPU.Build.0 = Debug|Any CPU
		{DBF0FBB7-443E-4C0B-83A8-B08DBE0F1FE1}.Release|Any CPU.ActiveCfg = Release|Any CPU
		{DBF0FBB7-443E-4C0B-83A8-B08DBE0F1FE1}.Release|Any CPU.Build.0 = Release|Any CPU
	EndGlobalSection
	GlobalSection(SolutionProperties) = preSolution
		HideSolutionNode = FALSE
	EndGlobalSection
	GlobalSection(ExtensibilityGlobals) = postSolution
		SolutionGuid = {5DC51C4E-8A62-4754-A652-DDC9D2911A3F}
	EndGlobalSection
EndGlobal
